
Microsoft Visual Studio Solution File, Format Version 12.00
# Visual Studio Version 17
VisualStudioVersion = 17.0.32112.339
MinimumVisualStudioVersion = 10.0.40219.1
Project("{9A19103F-16F7-4668-BE54-9A1E7A4F7556}") = "KDV_Tutari_Hesaplama", "KDV_Tutari_Hesaplama\KDV_Tutari_Hesaplama.csproj", "{0D94D53D-22AD-4768-900B-A269A6E83ADF}"
EndProject
Project("{9A19103F-16F7-4668-BE54-9A1E7A4F7556}") = "Not_Ortalamasi_Hesaplama", "Not_Ortalamasi_Hesaplama\Not_Ortalamasi_Hesaplama.csproj", "{CDDA4F74-4DAE-4CBD-9993-AB3B4B0C0441}"
EndProject
Project("{9A19103F-16F7-4668-BE54-9A1E7A4F7556}") = "Dik_Ucgende_Hipotenus", "Dik_Ucgende_Hipotenus\Dik_Ucgende_Hipotenus.csproj", "{919530D2-39DB-4DAD-86E8-4E57893D6E48}"
EndProject
Project("{9A19103F-16F7-4668-BE54-9A1E7A4F7556}") = "Taksimetre_Programi", "Taksimetre_Programi\Taksimetre_Programi.csproj", "{D675A9C7-024B-44AD-9BDD-74F37FA77A17}"
EndProject
Project("{9A19103F-16F7-4668-BE54-9A1E7A4F7556}") = "Daire_Alan_Ve_Cevre", "Daire_Alan_Ve_Cevre\Daire_Alan_Ve_Cevre.csproj", "{BEEC8D14-43AB-4500-81D7-2793125A4C5D}"
EndProject
Project("{9A19103F-16F7-4668-BE54-9A1E7A4F7556}") = "Vucut_Kitle_Index", "Vucut_Kitle_Index\Vucut_Kitle_Index.csproj", "{5FF1B895-F996-4A27-B9E5-7560444C899D}"
EndProject
Project("{9A19103F-16F7-4668-BE54-9A1E7A4F7556}") = "Manav_Sepet_Fiyat", "Manav_Sepet_Fiyat\Manav_Sepet_Fiyat.csproj", "{AB44F3DA-706C-4595-8D8A-237A4BDDEE02}"
EndProject
Project("{9A19103F-16F7-4668-BE54-9A1E7A4F7556}") = "Kullanici_Girisi", "Kullanici_Girisi\Kullanici_Girisi.csproj", "{E2A411FC-0A0D-4B3E-BD58-BEE738F4FED4}"
EndProject
Project("{FAE04EC0-301F-11D3-BF4B-00C04F79EFBC}") = "Sayi_Tahmin_Oyunu", "Sayi_Tahmin_Oyunu\Sayi_Tahmin_Oyunu.csproj", "{6BE2AAC9-14C6-4FDA-882C-3F6A96101EBB}"
EndProject
Global
	GlobalSection(SolutionConfigurationPlatforms) = preSolution
		Debug|Any CPU = Debug|Any CPU
		Release|Any CPU = Release|Any CPU
	EndGlobalSection
	GlobalSection(ProjectConfigurationPlatforms) = postSolution
		{0D94D53D-22AD-4768-900B-A269A6E83ADF}.Debug|Any CPU.ActiveCfg = Debug|Any CPU
		{0D94D53D-22AD-4768-900B-A269A6E83ADF}.Debug|Any CPU.Build.0 = Debug|Any CPU
		{0D94D53D-22AD-4768-900B-A269A6E83ADF}.Release|Any CPU.ActiveCfg = Release|Any CPU
		{0D94D53D-22AD-4768-900B-A269A6E83ADF}.Release|Any CPU.Build.0 = Release|Any CPU
		{CDDA4F74-4DAE-4CBD-9993-AB3B4B0C0441}.Debug|Any CPU.ActiveCfg = Debug|Any CPU
		{CDDA4F74-4DAE-4CBD-9993-AB3B4B0C0441}.Debug|Any CPU.Build.0 = Debug|Any CPU
		{CDDA4F74-4DAE-4CBD-9993-AB3B4B0C0441}.Release|Any CPU.ActiveCfg = Release|Any CPU
		{CDDA4F74-4DAE-4CBD-9993-AB3B4B0C0441}.Release|Any CPU.Build.0 = Release|Any CPU
		{919530D2-39DB-4DAD-86E8-4E57893D6E48}.Debug|Any CPU.ActiveCfg = Debug|Any CPU
		{919530D2-39DB-4DAD-86E8-4E57893D6E48}.Debug|Any CPU.Build.0 = Debug|Any CPU
		{919530D2-39DB-4DAD-86E8-4E57893D6E48}.Release|Any CPU.ActiveCfg = Release|Any CPU
		{919530D2-39DB-4DAD-86E8-4E57893D6E48}.Release|Any CPU.Build.0 = Release|Any CPU
		{D675A9C7-024B-44AD-9BDD-74F37FA77A17}.Debug|Any CPU.ActiveCfg = Debug|Any CPU
		{D675A9C7-024B-44AD-9BDD-74F37FA77A17}.Debug|Any CPU.Build.0 = Debug|Any CPU
		{D675A9C7-024B-44AD-9BDD-74F37FA77A17}.Release|Any CPU.ActiveCfg = Release|Any CPU
		{D675A9C7-024B-44AD-9BDD-74F37FA77A17}.Release|Any CPU.Build.0 = Release|Any CPU
		{BEEC8D14-43AB-4500-81D7-2793125A4C5D}.Debug|Any CPU.ActiveCfg = Debug|Any CPU
		{BEEC8D14-43AB-4500-81D7-2793125A4C5D}.Debug|Any CPU.Build.0 = Debug|Any CPU
		{BEEC8D14-43AB-4500-81D7-2793125A4C5D}.Release|Any CPU.ActiveCfg = Release|Any CPU
		{BEEC8D14-43AB-4500-81D7-2793125A4C5D}.Release|Any CPU.Build.0 = Release|Any CPU
		{5FF1B895-F996-4A27-B9E5-7560444C899D}.Debug|Any CPU.ActiveCfg = Debug|Any CPU
		{5FF1B895-F996-4A27-B9E5-7560444C899D}.Debug|Any CPU.Build.0 = Debug|Any CPU
		{5FF1B895-F996-4A27-B9E5-7560444C899D}.Release|Any CPU.ActiveCfg = Release|Any CPU
		{5FF1B895-F996-4A27-B9E5-7560444C899D}.Release|Any CPU.Build.0 = Release|Any CPU
		{AB44F3DA-706C-4595-8D8A-237A4BDDEE02}.Debug|Any CPU.ActiveCfg = Debug|Any CPU
		{AB44F3DA-706C-4595-8D8A-237A4BDDEE02}.Debug|Any CPU.Build.0 = Debug|Any CPU
		{AB44F3DA-706C-4595-8D8A-237A4BDDEE02}.Release|Any CPU.ActiveCfg = Release|Any CPU
		{AB44F3DA-706C-4595-8D8A-237A4BDDEE02}.Release|Any CPU.Build.0 = Release|Any CPU
		{E2A411FC-0A0D-4B3E-BD58-BEE738F4FED4}.Debug|Any CPU.ActiveCfg = Debug|Any CPU
		{E2A411FC-0A0D-4B3E-BD58-BEE738F4FED4}.Debug|Any CPU.Build.0 = Debug|Any CPU
		{E2A411FC-0A0D-4B3E-BD58-BEE738F4FED4}.Release|Any CPU.ActiveCfg = Release|Any CPU
		{E2A411FC-0A0D-4B3E-BD58-BEE738F4FED4}.Release|Any CPU.Build.0 = Release|Any CPU
		{6BE2AAC9-14C6-4FDA-882C-3F6A96101EBB}.Debug|Any CPU.ActiveCfg = Debug|Any CPU
		{6BE2AAC9-14C6-4FDA-882C-3F6A96101EBB}.Debug|Any CPU.Build.0 = Debug|Any CPU
		{6BE2AAC9-14C6-4FDA-882C-3F6A96101EBB}.Release|Any CPU.ActiveCfg = Release|Any CPU
		{6BE2AAC9-14C6-4FDA-882C-3F6A96101EBB}.Release|Any CPU.Build.0 = Release|Any CPU
	EndGlobalSection
	GlobalSection(SolutionProperties) = preSolution
		HideSolutionNode = FALSE
	EndGlobalSection
	GlobalSection(ExtensibilityGlobals) = postSolution
		SolutionGuid = {93DD8F90-3B69-48CB-972C-CC3C6C189B7F}
	EndGlobalSection
EndGlobal
