
Microsoft Visual Studio Solution File, Format Version 12.00
# Visual Studio Version 17
VisualStudioVersion = 17.4.33403.182
MinimumVisualStudioVersion = 10.0.40219.1
Project("{FAE04EC0-301F-11D3-BF4B-00C04F79EFBC}") = "bookDemoAPI", "bookDemoAPI\bookDemoAPI.csproj", "{294B4CAE-09A8-4919-82D9-66D0B07977FF}"
EndProject
Global
	GlobalSection(SolutionConfigurationPlatforms) = preSolution
		Debug|Any CPU = Debug|Any CPU
		Release|Any CPU = Release|Any CPU
	EndGlobalSection
	GlobalSection(ProjectConfigurationPlatforms) = postSolution
		{294B4CAE-09A8-4919-82D9-66D0B07977FF}.Debug|Any CPU.ActiveCfg = Debug|Any CPU
		{294B4CAE-09A8-4919-82D9-66D0B07977FF}.Debug|Any CPU.Build.0 = Debug|Any CPU
		{294B4CAE-09A8-4919-82D9-66D0B07977FF}.Release|Any CPU.ActiveCfg = Release|Any CPU
		{294B4CAE-09A8-4919-82D9-66D0B07977FF}.Release|Any CPU.Build.0 = Release|Any CPU
	EndGlobalSection
	GlobalSection(SolutionProperties) = preSolution
		HideSolutionNode = FALSE
	EndGlobalSection
	GlobalSection(ExtensibilityGlobals) = postSolution
		SolutionGuid = {BDE7CAE4-879A-4E27-8BB7-6972524BABBA}
	EndGlobalSection
EndGlobal
